
Microsoft Visual Studio Solution File, Format Version 12.00
# Visual Studio Version 16
VisualStudioVersion = 16.0.30204.135
MinimumVisualStudioVersion = 10.0.40219.1
Project("{FAE04EC0-301F-11D3-BF4B-00C04F79EFBC}") = "deikstra", "deikstra.csproj", "{4CEAE33D-1C52-4829-BB46-C928B3954146}"
EndProject
Global
	GlobalSection(SolutionConfigurationPlatforms) = preSolution
		Debug|Any CPU = Debug|Any CPU
		Release|Any CPU = Release|Any CPU
	EndGlobalSection
	GlobalSection(ProjectConfigurationPlatforms) = postSolution
		{4CEAE33D-1C52-4829-BB46-C928B3954146}.Debug|Any CPU.ActiveCfg = Debug|Any CPU
		{4CEAE33D-1C52-4829-BB46-C928B3954146}.Debug|Any CPU.Build.0 = Debug|Any CPU
		{4CEAE33D-1C52-4829-BB46-C928B3954146}.Release|Any CPU.ActiveCfg = Release|Any CPU
		{4CEAE33D-1C52-4829-BB46-C928B3954146}.Release|Any CPU.Build.0 = Release|Any CPU
	EndGlobalSection
	GlobalSection(SolutionProperties) = preSolution
		HideSolutionNode = FALSE
	EndGlobalSection
	GlobalSection(ExtensibilityGlobals) = postSolution
		SolutionGuid = {FB5B5EED-0BB1-4330-B419-6926161B0EE0}
	EndGlobalSection
EndGlobal
